
Microsoft Visual Studio Solution File, Format Version 12.00
# Visual Studio Version 16
VisualStudioVersion = 16.0.30011.22
MinimumVisualStudioVersion = 10.0.40219.1
Project("{9A19103F-16F7-4668-BE54-9A1E7A4F7556}") = "MiNES", "MiNES\MiNES.csproj", "{8F01E58D-6FB0-47CD-B9CD-CE311464B90F}"
EndProject
Project("{9A19103F-16F7-4668-BE54-9A1E7A4F7556}") = "MiNES.Windows.Client", "MiNES.Windows.Client\MiNES.Windows.Client.csproj", "{AA33FE36-008F-4A45-9F96-8E25984D597A}"
EndProject
Global
	GlobalSection(SolutionConfigurationPlatforms) = preSolution
		Debug|Any CPU = Debug|Any CPU
		Release|Any CPU = Release|Any CPU
	EndGlobalSection
	GlobalSection(ProjectConfigurationPlatforms) = postSolution
		{8F01E58D-6FB0-47CD-B9CD-CE311464B90F}.Debug|Any CPU.ActiveCfg = Debug|Any CPU
		{8F01E58D-6FB0-47CD-B9CD-CE311464B90F}.Debug|Any CPU.Build.0 = Debug|Any CPU
		{8F01E58D-6FB0-47CD-B9CD-CE311464B90F}.Release|Any CPU.ActiveCfg = Release|Any CPU
		{8F01E58D-6FB0-47CD-B9CD-CE311464B90F}.Release|Any CPU.Build.0 = Release|Any CPU
		{AA33FE36-008F-4A45-9F96-8E25984D597A}.Debug|Any CPU.ActiveCfg = Debug|Any CPU
		{AA33FE36-008F-4A45-9F96-8E25984D597A}.Debug|Any CPU.Build.0 = Debug|Any CPU
		{AA33FE36-008F-4A45-9F96-8E25984D597A}.Release|Any CPU.ActiveCfg = Release|Any CPU
		{AA33FE36-008F-4A45-9F96-8E25984D597A}.Release|Any CPU.Build.0 = Release|Any CPU
	EndGlobalSection
	GlobalSection(SolutionProperties) = preSolution
		HideSolutionNode = FALSE
	EndGlobalSection
	GlobalSection(ExtensibilityGlobals) = postSolution
		SolutionGuid = {33031627-2802-48FE-A250-F43B1DFC15B4}
	EndGlobalSection
EndGlobal
